
Microsoft Visual Studio Solution File, Format Version 12.00
Project("{FAE04EC0-301F-11D3-BF4B-00C04F79EFBC}") = "Solutions", "Solutions\Solutions.csproj", "{49B34890-3BE5-4E75-92C2-AB8894A96C5E}"
EndProject
Project("{FAE04EC0-301F-11D3-BF4B-00C04F79EFBC}") = "SolutionTests", "SolutionTests\SolutionTests.csproj", "{CC7D90BE-B3D9-4955-A72C-4762EA349ED4}"
EndProject
Global
	GlobalSection(SolutionConfigurationPlatforms) = preSolution
		Debug|Any CPU = Debug|Any CPU
		Release|Any CPU = Release|Any CPU
	EndGlobalSection
	GlobalSection(ProjectConfigurationPlatforms) = postSolution
		{49B34890-3BE5-4E75-92C2-AB8894A96C5E}.Debug|Any CPU.ActiveCfg = Debug|Any CPU
		{49B34890-3BE5-4E75-92C2-AB8894A96C5E}.Debug|Any CPU.Build.0 = Debug|Any CPU
		{49B34890-3BE5-4E75-92C2-AB8894A96C5E}.Release|Any CPU.ActiveCfg = Release|Any CPU
		{49B34890-3BE5-4E75-92C2-AB8894A96C5E}.Release|Any CPU.Build.0 = Release|Any CPU
		{CC7D90BE-B3D9-4955-A72C-4762EA349ED4}.Debug|Any CPU.ActiveCfg = Debug|Any CPU
		{CC7D90BE-B3D9-4955-A72C-4762EA349ED4}.Debug|Any CPU.Build.0 = Debug|Any CPU
		{CC7D90BE-B3D9-4955-A72C-4762EA349ED4}.Release|Any CPU.ActiveCfg = Release|Any CPU
		{CC7D90BE-B3D9-4955-A72C-4762EA349ED4}.Release|Any CPU.Build.0 = Release|Any CPU
	EndGlobalSection
EndGlobal
